{"1.1.0",
[{<<"amqp_client">>,
  {git,"https://github.com/jbrisbin/amqp_client.git",
       {ref,"d50aec00b94f0766a048b4eceaf25ddfdeeb1d86"}},
  1},
 {<<"apns">>,{pkg,<<"apns4erl">>,<<"2.2.1">>},1},
 {<<"base64url">>,{pkg,<<"base64url">>,<<"0.0.1">>},2},
 {<<"bbmustache">>,
  {git,"https://github.com/xmppjingle/bbmustache.git",
       {ref,"6f4c2c84fc78225d390d2ae0f624c3e3c2658719"}},
  0},
 {<<"brod">>,
  {git,"https://github.com/klarna/brod.git",
       {ref,"d1e7bc80dadfa3a19c460fced9df1e9702ecca2d"}},
  1},
 {<<"chatterbox">>,{pkg,<<"chatterbox">>,<<"0.7.0">>},2},
 {<<"covertool">>,
  {git,"git://github.com/idubrov/covertool.git",
       {ref,"bfc605c4646ba52dbcb363f6fdd0c68cf9d4258a"}},
  0},
 {<<"edown">>,
  {git,"https://github.com/uwiger/edown",
       {ref,"754be25f71a04099c83f3ffdff268e70beeb0021"}},
  0},
 {<<"fast_xml">>,{pkg,<<"fast_xml">>,<<"1.1.24">>},1},
 {<<"goldrush">>,
  {git,"https://github.com/basho/goldrush.git",
       {ref,"8f1b715d36b650ec1e1f5612c00e28af6ab0de82"}},
  1},
 {<<"hpack">>,{pkg,<<"hpack_erl">>,<<"0.2.3">>},3},
 {<<"ibrowse">>,{pkg,<<"ibrowse">>,<<"4.4.0">>},1},
 {<<"jobs">>,
  {git,"https://github.com/uwiger/jobs.git",
       {ref,"fe5bf9a252ee68f644bdee7db919cc522ff4ad03"}},
  1},
 {<<"jsone">>,
  {git,"https://github.com/sile/jsone.git",
       {ref,"b0b037df7c1a8ee99c9f1bd124cd72e550a87936"}},
  1},
 {<<"jsx">>,{pkg,<<"jsx">>,<<"2.9.0">>},2},
 {<<"kafka_protocol">>,{pkg,<<"kafka_protocol">>,<<"1.1.0">>},2},
 {<<"lager">>,
  {git,"git://github.com/basho/lager.git",
       {ref,"81eaef0ce98fdbf64ab95665e3bc2ec4b24c7dac"}},
  0},
 {<<"meck">>,
  {git,"git://github.com/eproxus/meck.git",
       {ref,"dde759050eff19a1a80fd854d7375174b191665d"}},
  0},
 {<<"mod_monitor">>,
  {git,"https://github.com/xmppjingle/mod_monitor.git",
       {ref,"64584a45d070f9e84475af95f4072cf5b4289d4e"}},
  1},
 {<<"p1_utils">>,{pkg,<<"p1_utils">>,<<"1.0.10">>},2},
 {<<"parse_trans">>,{pkg,<<"parse_trans">>,<<"3.0.0">>},2},
 {<<"pooler">>,
  {git,"https://github.com/seth/pooler.git",
       {ref,"a9fb9dbbac45000f10d8edf4464bf8425b39bd77"}},
  1},
 {<<"quickrand">>,
  {git,"https://github.com/okeuday/quickrand.git",
       {ref,"1c60daa4b0edcec0a6b8310443574baac962ea88"}},
  2},
 {<<"rabbit_common">>,
  {git,"https://github.com/jbrisbin/rabbit_common.git",
       {ref,"80814606ae23cc820c74e443383e192cd69ec030"}},
  2},
 {<<"snappyer">>,{pkg,<<"snappyer">>,<<"1.2.1">>},3},
 {<<"snatch">>,
  {git,"git://github.com/xmppjingle/snatch.git",
       {ref,"da32ed1f17a05685461ec092800c4cb111a05f0b"}},
  0},
 {<<"supervisor3">>,{pkg,<<"supervisor3">>,<<"1.1.5">>},2},
 {<<"syslog">>,
  {git,"git://github.com/nivertech/erlang-syslog",
       {ref,"8fcc12db641db0c45d71e81361067b7b714a2c37"}},
  0},
 {<<"uuid">>,
  {git,"https://github.com/okeuday/uuid.git",
       {ref,"23167ed8689f656ea6765572215a40b9856d7886"}},
  1},
 {<<"worker_pool">>,{pkg,<<"worker_pool">>,<<"3.1.0">>},1}]}.
[
{pkg_hash,[
 {<<"apns">>, <<"C3254B05A6E415DB3F70BCBF1521DEE86DEA0E90721C08E7D9DF85B74808F591">>},
 {<<"base64url">>, <<"36A90125F5948E3AFD7BE97662A1504B934DD5DAC78451CA6E9ABF85A10286BE">>},
 {<<"chatterbox">>, <<"8036197E00C42B3AC401DABDA722FD211071B27CBD59A7CEA471185F5D1F573A">>},
 {<<"fast_xml">>, <<"66F0D9FC52A862013806C1474B3335A818A33156F68F83C6538A17B6A26DB422">>},
 {<<"hpack">>, <<"17670F83FF984AE6CD74B1C456EDDE906D27FF013740EE4D9EFAA4F1BF999633">>},
 {<<"ibrowse">>, <<"2D923325EFE0D2CB09B9C6A047B2835A5EDA69D8A47ED6FF8BC03628B764E991">>},
 {<<"jsx">>, <<"D2F6E5F069C00266CAD52FB15D87C428579EA4D7D73A33669E12679E203329DD">>},
 {<<"kafka_protocol">>, <<"817C07A6339CBFB32D1F20A588353BF8D9A8944DF296EB2E930360B83760C171">>},
 {<<"p1_utils">>, <<"A6D6927114BAC79CF6468A10824125492034AF7071ADC6ED5EBC4DDB443845D4">>},
 {<<"parse_trans">>, <<"9E96B1C9C3A0DF54E7B76F8F685D38BFA1EB21B31E042B1D1A5A70258E4DB1E3">>},
 {<<"snappyer">>, <<"06C5F5C8AFE80BA38E94E1CA1BD9253DE95D8F2C85B08783E8D0F63815580556">>},
 {<<"supervisor3">>, <<"5F3C487A6EBA23DE0E64C06E93EFA0ECA06F40324A6412C1318C77ACA6DA8424">>},
 {<<"worker_pool">>, <<"C908627E04057CF29940AD0E79B89AB161DB520EEBC76942EFD08A187BABF93A">>}]}
].
