[{<<"bbmustache">>,
  {git,"https://github.com/xmppjingle/bbmustache.git",
       {ref,"6f4c2c84fc78225d390d2ae0f624c3e3c2658719"}},
  0},
 {<<"cowboy">>,
  {git,"https://github.com/ninenines/cowboy.git",
       {ref,"3ea8395eb8f53a57acb5d3c00b99c70296e7cdbd"}},
  0},
 {<<"cowlib">>,
  {git,"https://github.com/ninenines/cowlib.git",
       {ref,"1eb7f4293a652adcfe43b1835d22c58d8def839f"}},
  0},
 {<<"jsone">>,
  {git,"https://github.com/sile/jsone.git",
       {ref,"331b4a7b66cc9dc7c16ac067cf8a8297e0e669d8"}},
  0},
 {<<"ranch">>,
  {git,"https://github.com/ninenines/ranch.git",
       {ref,"ebf216e91ef2ae54d378234062db949d95f01c0d"}},
  0}].
